
Microsoft Visual Studio Solution File, Format Version 12.00
# Visual Studio Version 17
VisualStudioVersion = 17.5.2.0
MinimumVisualStudioVersion = 10.0.40219.1
Project("{2150E333-8FDC-42A3-9474-1A3956D46DE8}") = "src", "src", "{827E0CD3-B72D-47B6-A68D-7590B98EB39B}"
EndProject
Project("{FAE04EC0-301F-11D3-BF4B-00C04F79EFBC}") = "TaskPilotArchivalFunction", "src\TaskPilotArchivalFunction\TaskPilotArchivalFunction.csproj", "{1FB74793-411F-05A1-3003-4ABC5429F5B7}"
EndProject
Project("{FAE04EC0-301F-11D3-BF4B-00C04F79EFBC}") = "Core", "src\Core\Core.csproj", "{EE8A40B7-D01D-4923-AA35-89C9C7AA9529}"
EndProject
Project("{FAE04EC0-301F-11D3-BF4B-00C04F79EFBC}") = "Infrastructure", "src\Infrastructure\Infrastructure.csproj", "{BB381917-4B81-4D31-9B4E-8FFD946F73DE}"
EndProject
Global
	GlobalSection(SolutionConfigurationPlatforms) = preSolution
		Debug|Any CPU = Debug|Any CPU
		Debug|x64 = Debug|x64
		Debug|x86 = Debug|x86
		Release|Any CPU = Release|Any CPU
		Release|x64 = Release|x64
		Release|x86 = Release|x86
	EndGlobalSection
	GlobalSection(ProjectConfigurationPlatforms) = postSolution
		{1FB74793-411F-05A1-3003-4ABC5429F5B7}.Debug|Any CPU.ActiveCfg = Debug|Any CPU
		{1FB74793-411F-05A1-3003-4ABC5429F5B7}.Debug|Any CPU.Build.0 = Debug|Any CPU
		{1FB74793-411F-05A1-3003-4ABC5429F5B7}.Debug|x64.ActiveCfg = Debug|Any CPU
		{1FB74793-411F-05A1-3003-4ABC5429F5B7}.Debug|x64.Build.0 = Debug|Any CPU
		{1FB74793-411F-05A1-3003-4ABC5429F5B7}.Debug|x86.ActiveCfg = Debug|Any CPU
		{1FB74793-411F-05A1-3003-4ABC5429F5B7}.Debug|x86.Build.0 = Debug|Any CPU
		{1FB74793-411F-05A1-3003-4ABC5429F5B7}.Release|Any CPU.ActiveCfg = Release|Any CPU
		{1FB74793-411F-05A1-3003-4ABC5429F5B7}.Release|Any CPU.Build.0 = Release|Any CPU
		{1FB74793-411F-05A1-3003-4ABC5429F5B7}.Release|x64.ActiveCfg = Release|Any CPU
		{1FB74793-411F-05A1-3003-4ABC5429F5B7}.Release|x64.Build.0 = Release|Any CPU
		{1FB74793-411F-05A1-3003-4ABC5429F5B7}.Release|x86.ActiveCfg = Release|Any CPU
		{1FB74793-411F-05A1-3003-4ABC5429F5B7}.Release|x86.Build.0 = Release|Any CPU
		{EE8A40B7-D01D-4923-AA35-89C9C7AA9529}.Debug|Any CPU.ActiveCfg = Debug|Any CPU
		{EE8A40B7-D01D-4923-AA35-89C9C7AA9529}.Debug|Any CPU.Build.0 = Debug|Any CPU
		{EE8A40B7-D01D-4923-AA35-89C9C7AA9529}.Debug|x64.ActiveCfg = Debug|Any CPU
		{EE8A40B7-D01D-4923-AA35-89C9C7AA9529}.Debug|x64.Build.0 = Debug|Any CPU
		{EE8A40B7-D01D-4923-AA35-89C9C7AA9529}.Debug|x86.ActiveCfg = Debug|Any CPU
		{EE8A40B7-D01D-4923-AA35-89C9C7AA9529}.Debug|x86.Build.0 = Debug|Any CPU
		{EE8A40B7-D01D-4923-AA35-89C9C7AA9529}.Release|Any CPU.ActiveCfg = Release|Any CPU
		{EE8A40B7-D01D-4923-AA35-89C9C7AA9529}.Release|Any CPU.Build.0 = Release|Any CPU
		{EE8A40B7-D01D-4923-AA35-89C9C7AA9529}.Release|x64.ActiveCfg = Release|Any CPU
		{EE8A40B7-D01D-4923-AA35-89C9C7AA9529}.Release|x64.Build.0 = Release|Any CPU
		{EE8A40B7-D01D-4923-AA35-89C9C7AA9529}.Release|x86.ActiveCfg = Release|Any CPU
		{EE8A40B7-D01D-4923-AA35-89C9C7AA9529}.Release|x86.Build.0 = Release|Any CPU
		{BB381917-4B81-4D31-9B4E-8FFD946F73DE}.Debug|Any CPU.ActiveCfg = Debug|Any CPU
		{BB381917-4B81-4D31-9B4E-8FFD946F73DE}.Debug|Any CPU.Build.0 = Debug|Any CPU
		{BB381917-4B81-4D31-9B4E-8FFD946F73DE}.Debug|x64.ActiveCfg = Debug|Any CPU
		{BB381917-4B81-4D31-9B4E-8FFD946F73DE}.Debug|x64.Build.0 = Debug|Any CPU
		{BB381917-4B81-4D31-9B4E-8FFD946F73DE}.Debug|x86.ActiveCfg = Debug|Any CPU
		{BB381917-4B81-4D31-9B4E-8FFD946F73DE}.Debug|x86.Build.0 = Debug|Any CPU
		{BB381917-4B81-4D31-9B4E-8FFD946F73DE}.Release|Any CPU.ActiveCfg = Release|Any CPU
		{BB381917-4B81-4D31-9B4E-8FFD946F73DE}.Release|Any CPU.Build.0 = Release|Any CPU
		{BB381917-4B81-4D31-9B4E-8FFD946F73DE}.Release|x64.ActiveCfg = Release|Any CPU
		{BB381917-4B81-4D31-9B4E-8FFD946F73DE}.Release|x64.Build.0 = Release|Any CPU
		{BB381917-4B81-4D31-9B4E-8FFD946F73DE}.Release|x86.ActiveCfg = Release|Any CPU
		{BB381917-4B81-4D31-9B4E-8FFD946F73DE}.Release|x86.Build.0 = Release|Any CPU
	EndGlobalSection
	GlobalSection(SolutionProperties) = preSolution
		HideSolutionNode = FALSE
	EndGlobalSection
	GlobalSection(NestedProjects) = preSolution
		{1FB74793-411F-05A1-3003-4ABC5429F5B7} = {827E0CD3-B72D-47B6-A68D-7590B98EB39B}
		{EE8A40B7-D01D-4923-AA35-89C9C7AA9529} = {827E0CD3-B72D-47B6-A68D-7590B98EB39B}
		{BB381917-4B81-4D31-9B4E-8FFD946F73DE} = {827E0CD3-B72D-47B6-A68D-7590B98EB39B}
	EndGlobalSection
	GlobalSection(ExtensibilityGlobals) = postSolution
		SolutionGuid = {97A0DFE7-A6EC-41D5-85AD-88449B393535}
	EndGlobalSection
EndGlobal
